
Microsoft Visual Studio Solution File, Format Version 12.00
# Visual Studio Version 17
VisualStudioVersion = 17.2.32616.157
MinimumVisualStudioVersion = 10.0.40219.1
Project("{FAE04EC0-301F-11D3-BF4B-00C04F79EFBC}") = "MontyHallProblem", "MontyHallProblem\MontyHallProblem.csproj", "{DA6C72CE-1C1F-4993-9B51-258729801E84}"
EndProject
Global
	GlobalSection(SolutionConfigurationPlatforms) = preSolution
		Debug|Any CPU = Debug|Any CPU
		Release|Any CPU = Release|Any CPU
	EndGlobalSection
	GlobalSection(ProjectConfigurationPlatforms) = postSolution
		{DA6C72CE-1C1F-4993-9B51-258729801E84}.Debug|Any CPU.ActiveCfg = Debug|Any CPU
		{DA6C72CE-1C1F-4993-9B51-258729801E84}.Debug|Any CPU.Build.0 = Debug|Any CPU
		{DA6C72CE-1C1F-4993-9B51-258729801E84}.Release|Any CPU.ActiveCfg = Release|Any CPU
		{DA6C72CE-1C1F-4993-9B51-258729801E84}.Release|Any CPU.Build.0 = Release|Any CPU
	EndGlobalSection
	GlobalSection(SolutionProperties) = preSolution
		HideSolutionNode = FALSE
	EndGlobalSection
	GlobalSection(ExtensibilityGlobals) = postSolution
		SolutionGuid = {B38CE28E-6402-49EA-BCAB-F45A8EA44E53}
	EndGlobalSection
EndGlobal
